
Microsoft Visual Studio Solution File, Format Version 12.00
# Visual Studio Version 17
VisualStudioVersion = 17.9.34607.119
MinimumVisualStudioVersion = 10.0.40219.1
Project("{9A19103F-16F7-4668-BE54-9A1E7A4F7556}") = "Hoardor", "Hoardor\Hoardor.csproj", "{33D1FEF2-7F70-44C7-8AA3-CF64AB6E40C4}"
EndProject
Project("{FAE04EC0-301F-11D3-BF4B-00C04F79EFBC}") = "HoardorServer", "HoardorServer\HoardorServer.csproj", "{BA99F199-81CD-413E-A146-644B5D4F523F}"
EndProject
Global
	GlobalSection(SolutionConfigurationPlatforms) = preSolution
		Debug|Any CPU = Debug|Any CPU
		Release|Any CPU = Release|Any CPU
	EndGlobalSection
	GlobalSection(ProjectConfigurationPlatforms) = postSolution
		{33D1FEF2-7F70-44C7-8AA3-CF64AB6E40C4}.Debug|Any CPU.ActiveCfg = Debug|Any CPU
		{33D1FEF2-7F70-44C7-8AA3-CF64AB6E40C4}.Debug|Any CPU.Build.0 = Debug|Any CPU
		{33D1FEF2-7F70-44C7-8AA3-CF64AB6E40C4}.Release|Any CPU.ActiveCfg = Release|Any CPU
		{33D1FEF2-7F70-44C7-8AA3-CF64AB6E40C4}.Release|Any CPU.Build.0 = Release|Any CPU
		{BA99F199-81CD-413E-A146-644B5D4F523F}.Debug|Any CPU.ActiveCfg = Debug|Any CPU
		{BA99F199-81CD-413E-A146-644B5D4F523F}.Debug|Any CPU.Build.0 = Debug|Any CPU
		{BA99F199-81CD-413E-A146-644B5D4F523F}.Release|Any CPU.ActiveCfg = Release|Any CPU
		{BA99F199-81CD-413E-A146-644B5D4F523F}.Release|Any CPU.Build.0 = Release|Any CPU
	EndGlobalSection
	GlobalSection(SolutionProperties) = preSolution
		HideSolutionNode = FALSE
	EndGlobalSection
	GlobalSection(ExtensibilityGlobals) = postSolution
		SolutionGuid = {436D0BEA-9166-4692-9896-207043617444}
	EndGlobalSection
EndGlobal
